
Microsoft Visual Studio Solution File, Format Version 12.00
# Visual Studio 15
VisualStudioVersion = 15.0.28307.421
MinimumVisualStudioVersion = 10.0.40219.1
Project("{FAE04EC0-301F-11D3-BF4B-00C04F79EFBC}") = "PhotoLikes", "PhotoLikes\PhotoLikes.csproj", "{7973C649-1AFC-481E-8FB2-678EBE17F94E}"
EndProject
Global
	GlobalSection(SolutionConfigurationPlatforms) = preSolution
		Debug|Any CPU = Debug|Any CPU
		Release|Any CPU = Release|Any CPU
	EndGlobalSection
	GlobalSection(ProjectConfigurationPlatforms) = postSolution
		{7973C649-1AFC-481E-8FB2-678EBE17F94E}.Debug|Any CPU.ActiveCfg = Debug|Any CPU
		{7973C649-1AFC-481E-8FB2-678EBE17F94E}.Debug|Any CPU.Build.0 = Debug|Any CPU
		{7973C649-1AFC-481E-8FB2-678EBE17F94E}.Release|Any CPU.ActiveCfg = Release|Any CPU
		{7973C649-1AFC-481E-8FB2-678EBE17F94E}.Release|Any CPU.Build.0 = Release|Any CPU
	EndGlobalSection
	GlobalSection(SolutionProperties) = preSolution
		HideSolutionNode = FALSE
	EndGlobalSection
	GlobalSection(ExtensibilityGlobals) = postSolution
		SolutionGuid = {B7BC6296-9926-4677-8BBC-37066ADDA366}
	EndGlobalSection
EndGlobal
